
Microsoft Visual Studio Solution File, Format Version 12.00
# Visual Studio Version 17
VisualStudioVersion = 17.9.34607.119
MinimumVisualStudioVersion = 10.0.40219.1
Project("{9A19103F-16F7-4668-BE54-9A1E7A4F7556}") = "PFilial.BLL", "src\Filial.BLL\PFilial.BLL.csproj", "{70AF0CA9-A436-41AF-9CD2-C3D20EAADD30}"
EndProject
Project("{9A19103F-16F7-4668-BE54-9A1E7A4F7556}") = "PFilial.DAL", "src\Filial.DAL\PFilial.DAL.csproj", "{11B4B49E-5D1C-450D-A648-ADFE66B92746}"
EndProject
Project("{9A19103F-16F7-4668-BE54-9A1E7A4F7556}") = "PFilial.API", "src\Fillial.Api\PFilial.API.csproj", "{A51FDBD2-331E-4F15-868B-C6AEE03C4C0B}"
EndProject
Global
	GlobalSection(SolutionConfigurationPlatforms) = preSolution
		Debug|Any CPU = Debug|Any CPU
		Release|Any CPU = Release|Any CPU
	EndGlobalSection
	GlobalSection(ProjectConfigurationPlatforms) = postSolution
		{70AF0CA9-A436-41AF-9CD2-C3D20EAADD30}.Debug|Any CPU.ActiveCfg = Debug|Any CPU
		{70AF0CA9-A436-41AF-9CD2-C3D20EAADD30}.Debug|Any CPU.Build.0 = Debug|Any CPU
		{70AF0CA9-A436-41AF-9CD2-C3D20EAADD30}.Release|Any CPU.ActiveCfg = Release|Any CPU
		{70AF0CA9-A436-41AF-9CD2-C3D20EAADD30}.Release|Any CPU.Build.0 = Release|Any CPU
		{11B4B49E-5D1C-450D-A648-ADFE66B92746}.Debug|Any CPU.ActiveCfg = Debug|Any CPU
		{11B4B49E-5D1C-450D-A648-ADFE66B92746}.Debug|Any CPU.Build.0 = Debug|Any CPU
		{11B4B49E-5D1C-450D-A648-ADFE66B92746}.Release|Any CPU.ActiveCfg = Release|Any CPU
		{11B4B49E-5D1C-450D-A648-ADFE66B92746}.Release|Any CPU.Build.0 = Release|Any CPU
		{A51FDBD2-331E-4F15-868B-C6AEE03C4C0B}.Debug|Any CPU.ActiveCfg = Debug|Any CPU
		{A51FDBD2-331E-4F15-868B-C6AEE03C4C0B}.Debug|Any CPU.Build.0 = Debug|Any CPU
		{A51FDBD2-331E-4F15-868B-C6AEE03C4C0B}.Release|Any CPU.ActiveCfg = Release|Any CPU
		{A51FDBD2-331E-4F15-868B-C6AEE03C4C0B}.Release|Any CPU.Build.0 = Release|Any CPU
	EndGlobalSection
	GlobalSection(SolutionProperties) = preSolution
		HideSolutionNode = FALSE
	EndGlobalSection
	GlobalSection(ExtensibilityGlobals) = postSolution
		SolutionGuid = {299AEFD0-1A9A-4DE8-A2BB-408D0C83C70B}
	EndGlobalSection
EndGlobal
